{
  "requires": true,
  "lockfileVersion": 1,
  "dependencies": {
    "gitbook-plugin-intopic-toc": {
      "version": "1.1.1",
      "resolved": "https://registry.npmjs.org/gitbook-plugin-intopic-toc/-/gitbook-plugin-intopic-toc-1.1.1.tgz",
      "integrity": "sha512-iaFbc+2O0J7qzf/cbJZtN04f0EzlccKaSSoapMZzfyHv+q13deQZnD+HizTaIb+TqWYze2uNZslS6RASdH+6hA=="
    }
  }
}
